
Microsoft Visual Studio Solution File, Format Version 12.00
# Visual Studio Version 17
VisualStudioVersion = 17.10.35004.147
MinimumVisualStudioVersion = 10.0.40219.1
Project("{FAE04EC0-301F-11D3-BF4B-00C04F79EFBC}") = "courseWork", "courseWork\courseWork.csproj", "{4431F1CE-BBEE-4A81-9281-5D71F8C27F7E}"
EndProject
Project("{2150E333-8FDC-42A3-9474-1A3956D46DE8}") = "Элементы решения", "Элементы решения", "{B6617ABC-8E01-41F2-B68E-27C8EA30B1E2}"
EndProject
Global
	GlobalSection(SolutionConfigurationPlatforms) = preSolution
		Debug|Any CPU = Debug|Any CPU
		Release|Any CPU = Release|Any CPU
	EndGlobalSection
	GlobalSection(ProjectConfigurationPlatforms) = postSolution
		{4431F1CE-BBEE-4A81-9281-5D71F8C27F7E}.Debug|Any CPU.ActiveCfg = Debug|Any CPU
		{4431F1CE-BBEE-4A81-9281-5D71F8C27F7E}.Debug|Any CPU.Build.0 = Debug|Any CPU
		{4431F1CE-BBEE-4A81-9281-5D71F8C27F7E}.Release|Any CPU.ActiveCfg = Release|Any CPU
		{4431F1CE-BBEE-4A81-9281-5D71F8C27F7E}.Release|Any CPU.Build.0 = Release|Any CPU
	EndGlobalSection
	GlobalSection(SolutionProperties) = preSolution
		HideSolutionNode = FALSE
	EndGlobalSection
	GlobalSection(ExtensibilityGlobals) = postSolution
		SolutionGuid = {5757625E-DEEE-45CE-A6DA-1625139D036B}
	EndGlobalSection
EndGlobal
